
Microsoft Visual Studio Solution File, Format Version 12.00
# Visual Studio 15
VisualStudioVersion = 15.0.27703.2000
MinimumVisualStudioVersion = 10.0.40219.1
Project("{FAE04EC0-301F-11D3-BF4B-00C04F79EFBC}") = "SuperHeroOOP", "SuperHeroOOP\SuperHeroOOP.csproj", "{0D0210C5-4315-4F26-9194-3BDD01FFA5DE}"
EndProject
Global
	GlobalSection(SolutionConfigurationPlatforms) = preSolution
		Debug|Any CPU = Debug|Any CPU
		Release|Any CPU = Release|Any CPU
	EndGlobalSection
	GlobalSection(ProjectConfigurationPlatforms) = postSolution
		{0D0210C5-4315-4F26-9194-3BDD01FFA5DE}.Debug|Any CPU.ActiveCfg = Debug|Any CPU
		{0D0210C5-4315-4F26-9194-3BDD01FFA5DE}.Debug|Any CPU.Build.0 = Debug|Any CPU
		{0D0210C5-4315-4F26-9194-3BDD01FFA5DE}.Release|Any CPU.ActiveCfg = Release|Any CPU
		{0D0210C5-4315-4F26-9194-3BDD01FFA5DE}.Release|Any CPU.Build.0 = Release|Any CPU
	EndGlobalSection
	GlobalSection(SolutionProperties) = preSolution
		HideSolutionNode = FALSE
	EndGlobalSection
	GlobalSection(ExtensibilityGlobals) = postSolution
		SolutionGuid = {0197468D-D510-43FF-9757-8DF1198CB088}
	EndGlobalSection
EndGlobal
